
Microsoft Visual Studio Solution File, Format Version 12.00
# Visual Studio 2012
Project("{BBD0F5D1-1CC4-42FD-BA4C-A96779C64378}") = "LmkEvalDate", "LmkEvalDate.synproj", "{55ABA9D2-92CF-4006-9529-DE98B03EA632}"
EndProject
Global
	GlobalSection(SolutionConfigurationPlatforms) = preSolution
		Debug|Any CPU = Debug|Any CPU
		Release|Any CPU = Release|Any CPU
	EndGlobalSection
	GlobalSection(ProjectConfigurationPlatforms) = postSolution
		{55ABA9D2-92CF-4006-9529-DE98B03EA632}.Debug|Any CPU.ActiveCfg = Debug|Any CPU
		{55ABA9D2-92CF-4006-9529-DE98B03EA632}.Debug|Any CPU.Build.0 = Debug|Any CPU
		{55ABA9D2-92CF-4006-9529-DE98B03EA632}.Release|Any CPU.ActiveCfg = Release|Any CPU
		{55ABA9D2-92CF-4006-9529-DE98B03EA632}.Release|Any CPU.Build.0 = Release|Any CPU
	EndGlobalSection
	GlobalSection(SolutionProperties) = preSolution
		HideSolutionNode = FALSE
	EndGlobalSection
EndGlobal
